
Microsoft Visual Studio Solution File, Format Version 12.00
# Visual Studio Version 16
VisualStudioVersion = 16.0.31424.327
MinimumVisualStudioVersion = 10.0.40219.1
Project("{FAE04EC0-301F-11D3-BF4B-00C04F79EFBC}") = "mikroszimulacio", "mikroszimulacio\mikroszimulacio.csproj", "{BE3A56D6-DC02-44FC-9DE1-7E940517EF6D}"
EndProject
Global
	GlobalSection(SolutionConfigurationPlatforms) = preSolution
		Debug|Any CPU = Debug|Any CPU
		Release|Any CPU = Release|Any CPU
	EndGlobalSection
	GlobalSection(ProjectConfigurationPlatforms) = postSolution
		{BE3A56D6-DC02-44FC-9DE1-7E940517EF6D}.Debug|Any CPU.ActiveCfg = Debug|Any CPU
		{BE3A56D6-DC02-44FC-9DE1-7E940517EF6D}.Debug|Any CPU.Build.0 = Debug|Any CPU
		{BE3A56D6-DC02-44FC-9DE1-7E940517EF6D}.Release|Any CPU.ActiveCfg = Release|Any CPU
		{BE3A56D6-DC02-44FC-9DE1-7E940517EF6D}.Release|Any CPU.Build.0 = Release|Any CPU
	EndGlobalSection
	GlobalSection(SolutionProperties) = preSolution
		HideSolutionNode = FALSE
	EndGlobalSection
	GlobalSection(ExtensibilityGlobals) = postSolution
		SolutionGuid = {B77F0488-91F0-4460-8242-5A5FDF555C2A}
	EndGlobalSection
EndGlobal
