
Microsoft Visual Studio Solution File, Format Version 12.00
# Visual Studio Version 16
VisualStudioVersion = 16.0.31424.327
MinimumVisualStudioVersion = 10.0.40219.1
Project("{FAE04EC0-301F-11D3-BF4B-00C04F79EFBC}") = "UserMaintenance", "UserMaintenance\UserMaintenance.csproj", "{9E0B4402-4F81-48F8-B95E-B533F2C9031C}"
EndProject
Global
	GlobalSection(SolutionConfigurationPlatforms) = preSolution
		Debug|Any CPU = Debug|Any CPU
		Release|Any CPU = Release|Any CPU
	EndGlobalSection
	GlobalSection(ProjectConfigurationPlatforms) = postSolution
		{9E0B4402-4F81-48F8-B95E-B533F2C9031C}.Debug|Any CPU.ActiveCfg = Debug|Any CPU
		{9E0B4402-4F81-48F8-B95E-B533F2C9031C}.Debug|Any CPU.Build.0 = Debug|Any CPU
		{9E0B4402-4F81-48F8-B95E-B533F2C9031C}.Release|Any CPU.ActiveCfg = Release|Any CPU
		{9E0B4402-4F81-48F8-B95E-B533F2C9031C}.Release|Any CPU.Build.0 = Release|Any CPU
	EndGlobalSection
	GlobalSection(SolutionProperties) = preSolution
		HideSolutionNode = FALSE
	EndGlobalSection
	GlobalSection(ExtensibilityGlobals) = postSolution
		SolutionGuid = {F6BC53B8-1C20-4EB5-A029-0402A34AAA87}
	EndGlobalSection
EndGlobal
